
Microsoft Visual Studio Solution File, Format Version 12.00
# Visual Studio Version 17
VisualStudioVersion = 17.7.34009.444
MinimumVisualStudioVersion = 10.0.40219.1
Project("{FAE04EC0-301F-11D3-BF4B-00C04F79EFBC}") = "ASP.NET_MIDDLEWARE", "ASP.NET_MIDDLEWARE.csproj", "{DC9962B3-A3AD-4E05-A04C-5641DA89E5E8}"
EndProject
Global
	GlobalSection(SolutionConfigurationPlatforms) = preSolution
		Debug|Any CPU = Debug|Any CPU
		Release|Any CPU = Release|Any CPU
	EndGlobalSection
	GlobalSection(ProjectConfigurationPlatforms) = postSolution
		{DC9962B3-A3AD-4E05-A04C-5641DA89E5E8}.Debug|Any CPU.ActiveCfg = Debug|Any CPU
		{DC9962B3-A3AD-4E05-A04C-5641DA89E5E8}.Debug|Any CPU.Build.0 = Debug|Any CPU
		{DC9962B3-A3AD-4E05-A04C-5641DA89E5E8}.Release|Any CPU.ActiveCfg = Release|Any CPU
		{DC9962B3-A3AD-4E05-A04C-5641DA89E5E8}.Release|Any CPU.Build.0 = Release|Any CPU
	EndGlobalSection
	GlobalSection(SolutionProperties) = preSolution
		HideSolutionNode = FALSE
	EndGlobalSection
	GlobalSection(ExtensibilityGlobals) = postSolution
		SolutionGuid = {4EAF82D5-4BF1-442D-B447-EBD9BDCB2CBB}
	EndGlobalSection
EndGlobal
